# @generated by Move, please check-in and do not edit manually.

[move]
version = 3
manifest_digest = "118112CB8F0DA00F7CA50AA58251AD3EB87CB392803A534017B8FB33487D5A49"
deps_digest = "F8BBB0CCB2491CA29A3DF03D6F92277A4F3574266507ACD77214D37ECA3F3082"
dependencies = [
  { id = "Sui", name = "Sui" },
]

[[move.package]]
id = "MoveStdlib"
source = { git = "https://github.com/MystenLabs/sui.git", rev = "framework/testnet", subdir = "crates/sui-framework/packages/move-stdlib" }

[[move.package]]
id = "Sui"
source = { git = "https://github.com/MystenLabs/sui.git", rev = "framework/testnet", subdir = "crates/sui-framework/packages/sui-framework" }

dependencies = [
  { id = "MoveStdlib", name = "MoveStdlib" },
]

[move.toolchain-version]
compiler-version = "1.52.1"
edition = "2024"
flavor = "sui"

[env]

[env.testnet]
chain-id = "4c78adac"
original-published-id = "0xb25c7a9c5c7a3c600111c3b0a21a80dbf2b84bfb16458d9637e0246af3d00719"
latest-published-id = "0xb25c7a9c5c7a3c600111c3b0a21a80dbf2b84bfb16458d9637e0246af3d00719"
published-version = "1"
